
Microsoft Visual Studio Solution File, Format Version 12.00
# Visual Studio Version 17
VisualStudioVersion = 17.14.36025.13
MinimumVisualStudioVersion = 10.0.40219.1
Project("{FAE04EC0-301F-11D3-BF4B-00C04F79EFBC}") = "TestSubject", "TestSubject\TestSubject.csproj", "{F44DDA52-8E6F-4086-8E3C-3163F717CD82}"
EndProject
Project("{FAE04EC0-301F-11D3-BF4B-00C04F79EFBC}") = "DataObject", "DataObject\DataObject.csproj", "{FC124F84-A5D6-4499-AE24-33C257081604}"
EndProject
Global
	GlobalSection(SolutionConfigurationPlatforms) = preSolution
		Debug|Any CPU = Debug|Any CPU
		Release|Any CPU = Release|Any CPU
	EndGlobalSection
	GlobalSection(ProjectConfigurationPlatforms) = postSolution
		{F44DDA52-8E6F-4086-8E3C-3163F717CD82}.Debug|Any CPU.ActiveCfg = Debug|Any CPU
		{F44DDA52-8E6F-4086-8E3C-3163F717CD82}.Debug|Any CPU.Build.0 = Debug|Any CPU
		{F44DDA52-8E6F-4086-8E3C-3163F717CD82}.Release|Any CPU.ActiveCfg = Release|Any CPU
		{F44DDA52-8E6F-4086-8E3C-3163F717CD82}.Release|Any CPU.Build.0 = Release|Any CPU
		{FC124F84-A5D6-4499-AE24-33C257081604}.Debug|Any CPU.ActiveCfg = Debug|Any CPU
		{FC124F84-A5D6-4499-AE24-33C257081604}.Debug|Any CPU.Build.0 = Debug|Any CPU
		{FC124F84-A5D6-4499-AE24-33C257081604}.Release|Any CPU.ActiveCfg = Release|Any CPU
		{FC124F84-A5D6-4499-AE24-33C257081604}.Release|Any CPU.Build.0 = Release|Any CPU
	EndGlobalSection
	GlobalSection(SolutionProperties) = preSolution
		HideSolutionNode = FALSE
	EndGlobalSection
	GlobalSection(ExtensibilityGlobals) = postSolution
		SolutionGuid = {009FFA22-9A4E-47BD-BDBA-35A7E865C32F}
	EndGlobalSection
EndGlobal
